github.com/bazel-contrib/bazel-gazelle/v2 v2.0.0-2 h1:lSINS7DK4xjm0Z4CBd7onO63uIe6WUsEZ/0voExa+JY=
github.com/bazel-contrib/bazel-gazelle/v2 v2.0.0-2/go.mod h1:B76PjnaM2KyUG8ypV/ePHHDmGbyUNZ2PCEdEQIJISQM=
github.com/bazelbuild/bazel-gazelle v0.51.3 h1:WtLCDPJTj06AWZizuN0SpkX8njjH1meOFgYbia6mD64=
github.com/bazelbuild/bazel-gazelle v0.51.3/go.mod h1:AeYjUGaxXcMZ51CYHBT1YK3Qxb2yrJl77A8g7GF6d+g=
github.com/bazelbuild/buildtools v0.0.0-20250930140053-2eb4fccefb52 h1:njQAmjTv/YHRm/0Lfv9DXHFZ4MdT2IA/RKHTnqZkgDw=
github.com/bazelbuild/buildtools v0.0.0-20250930140053-2eb4fccefb52/go.mod h1:PLNUetjLa77TCCziPsz0EI8a6CUxgC+1jgmWv0H25tg=
github.com/bazelbuild/rules_go v0.61.1 h1:F7jqdw0Zp/RtWFDbLFuVa2DaPjUQkqZOLCns8vCxSWg=
github.com/bazelbuild/rules_go v0.61.1/go.mod h1:6YghDRf6l3FSiAwncK+Ww9jE1naoQzNq28gaKJeB67I=
github.com/klauspost/compress v1.18.6 h1:2jupLlAwFm95+YDR+NwD2MEfFO9d4z4Prjl1XXDjuao=
github.com/klauspost/compress v1.18.6/go.mod h1:cwPg85FWrGar70rWktvGQj8/hthj3wpl0PGDogxkrSQ=
github.com/klauspost/compress v1.19.0 h1:sXLILfc9jV2QYWkzFOPWStmcUVH2RHEB1JCdY2oVvCQ=
github.com/klauspost/compress v1.19.0/go.mod h1:cwPg85FWrGar70rWktvGQj8/hthj3wpl0PGDogxkrSQ=
golang.org/x/mod v0.25.0 h1:n7a+ZbQKQA/Ysbyb0/6IbB1H/X41mKgbhfv7AfG/44w=
golang.org/x/mod v0.25.0/go.mod h1:IXM97Txy2VM4PJ3gI61r1YEk/gAj6zAHN3AdZt6S9Ww=
golang.org/x/sys v0.33.0 h1:q3i8TbbEz+JRD9ywIRlyRAQbM0qF7hu24q3teo2hbuw=
golang.org/x/sys v0.33.0/go.mod h1:BJP2sWEmIv4KK5OTEluFJCKSidICx8ciO85XgH3Ak8k=
golang.org/x/tools v0.34.0 h1:qIpSLOxeCYGg9TrcJokLBG4KFA6d795g0xkBkiESGlo=
golang.org/x/tools/go/vcs v0.1.0-deprecated h1:cOIJqWBl99H1dH5LWizPa+0ImeeJq3t3cJjaeOWUAL4=
golang.org/x/tools/go/vcs v0.1.0-deprecated/go.mod h1:zUrvATBAvEI9535oC0yWYsLsHIV4Z7g63sNPVMtuBy8=
